
Microsoft Visual Studio Solution File, Format Version 12.00
# Visual Studio Version 17
VisualStudioVersion = 17.5.002.0
MinimumVisualStudioVersion = 10.0.40219.1
Project("{9A19103F-16F7-4668-BE54-9A1E7A4F7556}") = "OrangemiumDock", "OrangemiumDock.csproj", "{7823C63B-E3F8-4382-B1C4-44512C1F65BE}"
EndProject
Global
	GlobalSection(SolutionConfigurationPlatforms) = preSolution
		Debug|Any CPU = Debug|Any CPU
		Release|Any CPU = Release|Any CPU
	EndGlobalSection
	GlobalSection(ProjectConfigurationPlatforms) = postSolution
		{7823C63B-E3F8-4382-B1C4-44512C1F65BE}.Debug|Any CPU.ActiveCfg = Debug|Any CPU
		{7823C63B-E3F8-4382-B1C4-44512C1F65BE}.Debug|Any CPU.Build.0 = Debug|Any CPU
		{7823C63B-E3F8-4382-B1C4-44512C1F65BE}.Release|Any CPU.ActiveCfg = Release|Any CPU
		{7823C63B-E3F8-4382-B1C4-44512C1F65BE}.Release|Any CPU.Build.0 = Release|Any CPU
	EndGlobalSection
	GlobalSection(SolutionProperties) = preSolution
		HideSolutionNode = FALSE
	EndGlobalSection
	GlobalSection(ExtensibilityGlobals) = postSolution
		SolutionGuid = {05F1F7B8-F009-492B-A5F0-E8B4D1B71757}
	EndGlobalSection
EndGlobal
